PODS:
  - coresdk_plugin (0.0.30):
    - Flutter
    - JioMeetChatUIKit_iOS (= 5.0.3)
    - JioMeetParticipantPanelSDK_iOS (= 5.0.3)
    - JioMeetReactions_iOS (= 5.0.3)
    - JioMeetUIKit_iOS (= 5.0.3)
    - JioMeetVBGUIKit_iOS (= 5.0.3)
  - Flutter (1.0.0)
  - integration_test (0.0.1):
    - Flutter
  - JioMeetChatUIKit_iOS (5.0.3):
    - JioMeetCoreSDK_iOS (= 5.0.3)
    - JioMeetUIFoundation_iOS (= 5.0.3)
  - JioMeetCoreSDK_iOS (5.0.3):
    - JMMediaStackSDK_iOS (= 1.0.8-alpha.10)
  - JioMeetParticipantPanelSDK_iOS (5.0.3):
    - JioMeetCoreSDK_iOS (= 5.0.3)
    - JioMeetUIFoundation_iOS (= 5.0.3)
  - JioMeetReactions_iOS (5.0.3):
    - JioMeetCoreSDK_iOS (= 5.0.3)
    - JioMeetUIFoundation_iOS (= 5.0.3)
    - lottie-ios (~> 4.3)
  - JioMeetScreenShareSDK_iOS (5.0.2):
    - JMMediaStackSDK_iOS (= 1.0.8-alpha.10)
  - JioMeetUIFoundation_iOS (5.0.3):
    - JioMeetCoreSDK_iOS (= 5.0.3)
  - JioMeetUIKit_iOS (5.0.3):
    - JioMeetCoreSDK_iOS (= 5.0.3)
    - JioMeetUIFoundation_iOS (= 5.0.3)
  - JioMeetVBGUIKit_iOS (5.0.3):
    - JioMeetCoreSDK_iOS (= 5.0.3)
    - JioMeetUIFoundation_iOS (= 5.0.3)
  - JMMediaStackSDK_iOS (1.0.8-alpha.10):
    - JMMediaWebRtc_iOS (= 1.0.0)
    - JMMMWormhole (~> 3.0.0)
    - JMWebRtcVad (~> 3.0.0)
    - Socket.IO-Client-Swift (~> 16.1.0)
    - Starscream (~> 4.0.6)
    - SwiftyJSON
  - JMMediaWebRtc_iOS (1.0.0)
  - JMMMWormhole (3.0.2):
    - JMMMWormhole/Core (= 3.0.2)
  - JMMMWormhole/Core (3.0.2)
  - JMWebRtcVad (3.0.0)
  - lottie-ios (4.5.2)
  - Socket.IO-Client-Swift (16.1.1):
    - Starscream (~> 4.0.8)
  - Starscream (4.0.8)
  - SwiftyJSON (5.0.2)

DEPENDENCIES:
  - coresdk_plugin (from `.symlinks/plugins/coresdk_plugin/ios`)
  - Flutter (from `Flutter`)
  - integration_test (from `.symlinks/plugins/integration_test/ios`)
  - JioMeetScreenShareSDK_iOS (= 5.0.2)

SPEC REPOS:
  trunk:
    - JioMeetChatUIKit_iOS
    - JioMeetCoreSDK_iOS
    - JioMeetParticipantPanelSDK_iOS
    - JioMeetReactions_iOS
    - JioMeetScreenShareSDK_iOS
    - JioMeetUIFoundation_iOS
    - JioMeetUIKit_iOS
    - JioMeetVBGUIKit_iOS
    - JMMediaStackSDK_iOS
    - JMMediaWebRtc_iOS
    - JMMMWormhole
    - JMWebRtcVad
    - lottie-ios
    - Socket.IO-Client-Swift
    - Starscream
    - SwiftyJSON

EXTERNAL SOURCES:
  coresdk_plugin:
    :path: ".symlinks/plugins/coresdk_plugin/ios"
  Flutter:
    :path: Flutter
  integration_test:
    :path: ".symlinks/plugins/integration_test/ios"

SPEC CHECKSUMS:
  coresdk_plugin: bcebc3c3cf185f47e65fc96bc9c99935d36bd925
  Flutter: cabc95a1d2626b1b06e7179b784ebcf0c0cde467
  integration_test: 4a889634ef21a45d28d50d622cf412dc6d9f586e
  JioMeetChatUIKit_iOS: c1b97b3f7ccded6e8662e940c9c13b39ee5a978c
  JioMeetCoreSDK_iOS: e7e386e10e98fd3db99a97444d27f246f97d79bf
  JioMeetParticipantPanelSDK_iOS: ef07874e0d037a9f073da007ebf4c2a42043b9c2
  JioMeetReactions_iOS: 448fbcf94e82c3ae1402ae3dd66577094ef1f9e6
  JioMeetScreenShareSDK_iOS: 4d527a6953b71697a5dcd6b6a4a2c174d2ee7eb5
  JioMeetUIFoundation_iOS: 0df544f92d7f85c27705c8070e2063f2396faa37
  JioMeetUIKit_iOS: 36d0577dbc5e4b144d19789072e9d0e66f653f88
  JioMeetVBGUIKit_iOS: 32df378ee488d9d0472305b412978d945d659708
  JMMediaStackSDK_iOS: 3c5fd93b159d5ad21c2e261fea36843edfd18620
  JMMediaWebRtc_iOS: 48ef2f41b17ca0d7eb7943c9cdc2cf4e32569855
  JMMMWormhole: 5f606b08c3e68c95c8d1e039b98f71f57b1e938a
  JMWebRtcVad: 8753e4a9ce5b48e089c4077c05ce089d7daa63be
  lottie-ios: 96784afc26ea031d3e2b6cae342a4b8915072489
  Socket.IO-Client-Swift: 3614bea82ba005df1c2ff01154f4004993e05ad7
  Starscream: 19b5533ddb925208db698f0ac508a100b884a1b9
  SwiftyJSON: f5b1bf1cd8dd53cd25887ac0eabcfd92301c6a5a

PODFILE CHECKSUM: 5ccdf00cda0493cc1417136860302528fe45af1d

COCOAPODS: 1.16.2
