PODS:
  - coresdk_plugin (0.0.1):
    - Flutter
    - JioMeetParticipantPanelSDK_iOS (= 2.5.2)
    - JioMeetUIKit_iOS (= 2.5.2)
  - Flutter (1.0.0)
  - integration_test (0.0.1):
    - Flutter
  - JioMeetCoreSDK_iOS (2.5.2):
    - JioMeetRtcEngine_iOS (= 3.7.1.2)
    - JioMeetRtmKit_iOS (= 1.5.1.0)
  - JioMeetParticipantPanelSDK_iOS (2.5.2):
    - JioMeetCoreSDK_iOS (= 2.5.2)
    - JioMeetUIFoundation_iOS (= 2.5.2)
  - JioMeetRtcEngine_iOS (3.7.1.2):
    - JioMeetRtcEngine_iOS/Extensions (= 3.7.1.2)
    - JioMeetRtcEngine_iOS/RtcBasic (= 3.7.1.2)
  - JioMeetRtcEngine_iOS/Extensions (3.7.1.2)
  - JioMeetRtcEngine_iOS/RtcBasic (3.7.1.2)
  - JioMeetRtmKit_iOS (1.5.1.0)
  - JioMeetUIFoundation_iOS (2.5.2):
    - JioMeetCoreSDK_iOS (= 2.5.2)
  - JioMeetUIKit_iOS (2.5.2):
    - JioMeetCoreSDK_iOS (= 2.5.2)
    - JioMeetUIFoundation_iOS (= 2.5.2)

DEPENDENCIES:
  - coresdk_plugin (from `.symlinks/plugins/coresdk_plugin/ios`)
  - Flutter (from `Flutter`)
  - integration_test (from `.symlinks/plugins/integration_test/ios`)

SPEC REPOS:
  trunk:
    - JioMeetCoreSDK_iOS
    - JioMeetParticipantPanelSDK_iOS
    - JioMeetRtcEngine_iOS
    - JioMeetRtmKit_iOS
    - JioMeetUIFoundation_iOS
    - JioMeetUIKit_iOS

EXTERNAL SOURCES:
  coresdk_plugin:
    :path: ".symlinks/plugins/coresdk_plugin/ios"
  Flutter:
    :path: Flutter
  integration_test:
    :path: ".symlinks/plugins/integration_test/ios"

SPEC CHECKSUMS:
  coresdk_plugin: 28ddbb7fa1a3f9684a145c232c7ef823de116293
  Flutter: f04841e97a9d0b0a8025694d0796dd46242b2854
  integration_test: 13825b8a9334a850581300559b8839134b124670
  JioMeetCoreSDK_iOS: a86ed6aaff940cc204dbda148a4b575abeabbeab
  JioMeetParticipantPanelSDK_iOS: 0c4b8649c8e97cc15260e0407fedddf3b95d7b9b
  JioMeetRtcEngine_iOS: b26bd2991a55a1f87d96e425e677b5a757b67890
  JioMeetRtmKit_iOS: 587fbf9279a035023104dd8f170cb445ef4cd56e
  JioMeetUIFoundation_iOS: ab7a04e8b6ae5add1fc72e13aaf7a5cbe2f19818
  JioMeetUIKit_iOS: df2e8f44832266103a339ae8b6bf3e2668b7de14

PODFILE CHECKSUM: 70d9d25280d0dd177a5f637cdb0f0b0b12c6a189

COCOAPODS: 1.11.2
